
Microsoft Visual Studio Solution File, Format Version 12.00
# Visual Studio Version 16
VisualStudioVersion = 16.0.28803.202
MinimumVisualStudioVersion = 10.0.40219.1
Project("{2150E333-8FDC-42A3-9474-1A3956D46DE8}") = "Common", "Common", "{8491C1DF-D8D0-41C5-836F-26204EA1934D}"
EndProject
Project("{2150E333-8FDC-42A3-9474-1A3956D46DE8}") = "Core", "Core", "{833A8725-17F1-46F6-AB63-42271CEEF821}"
EndProject
Project("{2150E333-8FDC-42A3-9474-1A3956D46DE8}") = "DataAccess", "DataAccess", "{ACEE3C42-7A93-4A5C-A7EF-17D502D1D177}"
EndProject
Project("{2150E333-8FDC-42A3-9474-1A3956D46DE8}") = "Application", "Application", "{B02E7BDB-2256-4804-9469-E607555E822E}"
EndProject
Project("{2150E333-8FDC-42A3-9474-1A3956D46DE8}") = "Presentation", "Presentation", "{2A957B39-5FBC-4A1B-86BD-E8AFC0B4526D}"
EndProject
Project("{2150E333-8FDC-42A3-9474-1A3956D46DE8}") = "Tests", "Tests", "{0F5D926C-BBF9-4E76-A29C-E4686FF1FA9E}"
EndProject
Project("{2150E333-8FDC-42A3-9474-1A3956D46DE8}") = "Infrastructure", "Infrastructure", "{97FCE07E-7A98-4B16-8BAD-A3537FB349B2}"
EndProject
Project("{9A19103F-16F7-4668-BE54-9A1E7A4F7556}") = "CleanTodoTasks.Domain", "CleanTodoTasks.Domain\CleanTodoTasks.Domain.csproj", "{DDC5C370-A568-4CA9-8A82-6F7B9992A4A7}"
EndProject
Project("{9A19103F-16F7-4668-BE54-9A1E7A4F7556}") = "CleanTodoTasks.DataAccess", "CleanTodoTasks.DataAccess\CleanTodoTasks.DataAccess.csproj", "{2496C8DF-98A3-4174-BF09-7FC8FA365B6D}"
EndProject
Project("{9A19103F-16F7-4668-BE54-9A1E7A4F7556}") = "CleanTodoTasks.Application", "CleanTodoTasks.Application\CleanTodoTasks.Application.csproj", "{3BEBAA33-5AAC-4B3B-92FC-8C7EA015DC83}"
EndProject
Project("{9A19103F-16F7-4668-BE54-9A1E7A4F7556}") = "CleanTodoTasks.WebAPI", "CleanTodoTasks.WebAPI\CleanTodoTasks.WebAPI.csproj", "{053F1FA3-3D3E-49E6-877C-B388C953D1C0}"
EndProject
Project("{9A19103F-16F7-4668-BE54-9A1E7A4F7556}") = "CleanTodoTasks.RazorGUI", "CleanTodoTasks.RazorGUI\CleanTodoTasks.RazorGUI.csproj", "{FD39B1BC-E814-4F04-91F7-A9D136AC15FF}"
EndProject
Project("{FAE04EC0-301F-11D3-BF4B-00C04F79EFBC}") = "CleanTodoTasks.Common", "CleanTodoTasks.Common\CleanTodoTasks.Common.csproj", "{D7EA630E-D860-471A-95AD-FF6D5B330FDE}"
EndProject
Global
	GlobalSection(SolutionConfigurationPlatforms) = preSolution
		Debug|Any CPU = Debug|Any CPU
		Release|Any CPU = Release|Any CPU
	EndGlobalSection
	GlobalSection(ProjectConfigurationPlatforms) = postSolution
		{DDC5C370-A568-4CA9-8A82-6F7B9992A4A7}.Debug|Any CPU.ActiveCfg = Debug|Any CPU
		{DDC5C370-A568-4CA9-8A82-6F7B9992A4A7}.Debug|Any CPU.Build.0 = Debug|Any CPU
		{DDC5C370-A568-4CA9-8A82-6F7B9992A4A7}.Release|Any CPU.ActiveCfg = Release|Any CPU
		{DDC5C370-A568-4CA9-8A82-6F7B9992A4A7}.Release|Any CPU.Build.0 = Release|Any CPU
		{2496C8DF-98A3-4174-BF09-7FC8FA365B6D}.Debug|Any CPU.ActiveCfg = Debug|Any CPU
		{2496C8DF-98A3-4174-BF09-7FC8FA365B6D}.Debug|Any CPU.Build.0 = Debug|Any CPU
		{2496C8DF-98A3-4174-BF09-7FC8FA365B6D}.Release|Any CPU.ActiveCfg = Release|Any CPU
		{2496C8DF-98A3-4174-BF09-7FC8FA365B6D}.Release|Any CPU.Build.0 = Release|Any CPU
		{3BEBAA33-5AAC-4B3B-92FC-8C7EA015DC83}.Debug|Any CPU.ActiveCfg = Debug|Any CPU
		{3BEBAA33-5AAC-4B3B-92FC-8C7EA015DC83}.Debug|Any CPU.Build.0 = Debug|Any CPU
		{3BEBAA33-5AAC-4B3B-92FC-8C7EA015DC83}.Release|Any CPU.ActiveCfg = Release|Any CPU
		{3BEBAA33-5AAC-4B3B-92FC-8C7EA015DC83}.Release|Any CPU.Build.0 = Release|Any CPU
		{053F1FA3-3D3E-49E6-877C-B388C953D1C0}.Debug|Any CPU.ActiveCfg = Debug|Any CPU
		{053F1FA3-3D3E-49E6-877C-B388C953D1C0}.Debug|Any CPU.Build.0 = Debug|Any CPU
		{053F1FA3-3D3E-49E6-877C-B388C953D1C0}.Release|Any CPU.ActiveCfg = Release|Any CPU
		{053F1FA3-3D3E-49E6-877C-B388C953D1C0}.Release|Any CPU.Build.0 = Release|Any CPU
		{FD39B1BC-E814-4F04-91F7-A9D136AC15FF}.Debug|Any CPU.ActiveCfg = Debug|Any CPU
		{FD39B1BC-E814-4F04-91F7-A9D136AC15FF}.Debug|Any CPU.Build.0 = Debug|Any CPU
		{FD39B1BC-E814-4F04-91F7-A9D136AC15FF}.Release|Any CPU.ActiveCfg = Release|Any CPU
		{FD39B1BC-E814-4F04-91F7-A9D136AC15FF}.Release|Any CPU.Build.0 = Release|Any CPU
		{D7EA630E-D860-471A-95AD-FF6D5B330FDE}.Debug|Any CPU.ActiveCfg = Debug|Any CPU
		{D7EA630E-D860-471A-95AD-FF6D5B330FDE}.Debug|Any CPU.Build.0 = Debug|Any CPU
		{D7EA630E-D860-471A-95AD-FF6D5B330FDE}.Release|Any CPU.ActiveCfg = Release|Any CPU
		{D7EA630E-D860-471A-95AD-FF6D5B330FDE}.Release|Any CPU.Build.0 = Release|Any CPU
	EndGlobalSection
	GlobalSection(SolutionProperties) = preSolution
		HideSolutionNode = FALSE
	EndGlobalSection
	GlobalSection(NestedProjects) = preSolution
		{DDC5C370-A568-4CA9-8A82-6F7B9992A4A7} = {833A8725-17F1-46F6-AB63-42271CEEF821}
		{2496C8DF-98A3-4174-BF09-7FC8FA365B6D} = {ACEE3C42-7A93-4A5C-A7EF-17D502D1D177}
		{3BEBAA33-5AAC-4B3B-92FC-8C7EA015DC83} = {B02E7BDB-2256-4804-9469-E607555E822E}
		{053F1FA3-3D3E-49E6-877C-B388C953D1C0} = {2A957B39-5FBC-4A1B-86BD-E8AFC0B4526D}
		{FD39B1BC-E814-4F04-91F7-A9D136AC15FF} = {2A957B39-5FBC-4A1B-86BD-E8AFC0B4526D}
		{D7EA630E-D860-471A-95AD-FF6D5B330FDE} = {8491C1DF-D8D0-41C5-836F-26204EA1934D}
	EndGlobalSection
	GlobalSection(ExtensibilityGlobals) = postSolution
		SolutionGuid = {C870DE0B-7EC7-4CB7-A26F-3996349DC2D9}
	EndGlobalSection
EndGlobal
